{
  "name": "zprint-atom",
  "version": "1.0.0",
  "lockfileVersion": 1,
  "requires": true,
  "dependencies": {
    "commander": {
      "version": "2.13.0",
      "resolved": "https://registry.npmjs.org/commander/-/commander-2.13.0.tgz",
      "integrity": "sha512-MVuS359B+YzaWqjCL/c+22gfryv+mCBPHAv3zyVI2GN8EY6IRP8VwtasXn8jyyhvvq84R4ImN1OKRtcbIasjYA=="
    },
    "zprint-clj": {
      "version": "0.2.0",
      "resolved": "https://registry.npmjs.org/zprint-clj/-/zprint-clj-0.2.0.tgz",
      "integrity": "sha512-Xq2Q2s8lpDg3be/jShseQtaFg+yDpDq5XrbmdYQ9gL2GxtmJ9mwnLlK7Y8GjgdbyJ+Q1Ui9gNKZ9mdd2lwOXhQ==",
      "requires": {
        "commander": "2.13.0"
      }
    }
  }
}
